{
  "version": 4,
  "terraform_version": "1.9.6",
  "serial": 6,
  "lineage": "af628aa0-9498-3d9b-386b-d27c303b9725",
  "outputs": {},
  "resources": [
    {
      "mode": "managed",
      "type": "azurerm_linux_web_app",
      "name": "app",
      "provider": "provider[\"registry.terraform.io/hashicorp/azurerm\"]",
      "instances": [
        {
          "schema_version": 0,
          "attributes": {
            "app_settings": {
              "SOME_KEY": "some-value"
            },
            "auth_settings": [
              {
                "active_directory": [],
                "additional_login_parameters": {},
                "allowed_external_redirect_urls": [],
                "default_provider": "",
                "enabled": false,
                "facebook": [],
                "github": [],
                "google": [],
                "issuer": "",
                "microsoft": [],
                "runtime_version": "",
                "token_refresh_extension_hours": 0,
                "token_store_enabled": false,
                "twitter": [],
                "unauthenticated_client_action": ""
              }
            ],
            "backup": [],
            "client_affinity_enabled": false,
            "client_certificate_enabled": false,
            "client_certificate_mode": "Required",
            "connection_string": [
              {
                "name": "Database",
                "type": "SQLServer",
                "value": "Server=some-server.mydomain.com;Integrated Security=SSPI"
              }
            ],
            "custom_domain_verification_id": "E6DD421B883D83F7AEB67E5E99EA1D372058FAF325D7D97B2134C609D4C2D799",
            "default_hostname": "terraform-demo-009-win-143255.azurewebsites.net",
            "enabled": true,
            "https_only": false,
            "id": "/subscriptions/ea4807db-8132-4dfb-b7a2-d0c68853542c/resourceGroups/My_Terraform_win_RG/providers/Microsoft.Web/sites/terraform-demo-009-win-143255",
            "identity": [],
            "key_vault_reference_identity_id": "SystemAssigned",
            "kind": "app,linux",
            "location": "westeurope",
            "logs": [],
            "name": "terraform-demo-009-win-143255",
            "outbound_ip_address_list": [
              "13.94.143.214",
              "13.94.150.186",
              "13.94.151.22",
              "13.69.121.116",
              "13.69.68.43"
            ],
            "outbound_ip_addresses": "13.94.143.214,13.94.150.186,13.94.151.22,13.69.121.116,13.69.68.43",
            "possible_outbound_ip_address_list": [
              "13.94.143.214",
              "13.94.150.186",
              "13.94.151.22",
              "13.69.121.116",
              "13.94.137.26",
              "40.68.188.89",
              "13.94.142.40",
              "13.94.144.225",
              "104.214.221.75",
              "20.126.166.50",
              "20.126.167.242",
              "20.31.80.228",
              "20.31.81.71",
              "20.126.166.39",
              "20.31.81.106",
              "20.31.81.158",
              "20.31.81.178",
              "20.31.81.227",
              "20.31.82.83",
              "20.31.83.194",
              "20.31.83.227",
              "13.69.68.43"
            ],
            "possible_outbound_ip_addresses": "13.94.143.214,13.94.150.186,13.94.151.22,13.69.121.116,13.94.137.26,40.68.188.89,13.94.142.40,13.94.144.225,104.214.221.75,20.126.166.50,20.126.167.242,20.31.80.228,20.31.81.71,20.126.166.39,20.31.81.106,20.31.81.158,20.31.81.178,20.31.81.227,20.31.82.83,20.31.83.194,20.31.83.227,13.69.68.43",
            "resource_group_name": "My_Terraform_win_RG",
            "service_plan_id": "/subscriptions/ea4807db-8132-4dfb-b7a2-d0c68853542c/resourceGroups/My_Terraform_win_RG/providers/Microsoft.Web/serverfarms/my-appserviceplan-win",
            "site_config": [
              {
                "always_on": false,
                "api_definition_url": "",
                "api_management_api_id": "",
                "app_command_line": "",
                "application_stack": [
                  {
                    "docker_image": "",
                    "docker_image_tag": "",
                    "dotnet_version": "6.0",
                    "java_server": "",
                    "java_server_version": "",
                    "java_version": "",
                    "node_version": "",
                    "php_version": "",
                    "python_version": "",
                    "ruby_version": ""
                  }
                ],
                "auto_heal_enabled": false,
                "auto_heal_setting": [],
                "container_registry_managed_identity_client_id": "",
                "container_registry_use_managed_identity": false,
                "cors": [],
                "default_documents": [
                  "Default.htm",
                  "Default.html",
                  "Default.asp",
                  "index.htm",
                  "index.html",
                  "iisstart.htm",
                  "default.aspx",
                  "index.php",
                  "hostingstart.html"
                ],
                "detailed_error_logging_enabled": false,
                "ftps_state": "Disabled",
                "health_check_eviction_time_in_min": 0,
                "health_check_path": "",
                "http2_enabled": false,
                "ip_restriction": [],
                "linux_fx_version": "DOTNETCORE|6.0",
                "load_balancing_mode": "LeastRequests",
                "local_mysql_enabled": false,
                "managed_pipeline_mode": "Integrated",
                "minimum_tls_version": "1.2",
                "remote_debugging_enabled": false,
                "remote_debugging_version": "VS2022",
                "scm_ip_restriction": [],
                "scm_minimum_tls_version": "1.2",
                "scm_type": "None",
                "scm_use_main_ip_restriction": false,
                "use_32_bit_worker": true,
                "vnet_route_all_enabled": false,
                "websockets_enabled": false,
                "worker_count": 1
              }
            ],
            "site_credential": [
              {
                "name": "$terraform-demo-009-win-143255",
                "password": "gb1m5BHYiSBXdv1Lre19W7zp9KYMnx46wp2gi2HFa5AzktboaeelxzmthnK0"
              }
            ],
            "sticky_settings": [],
            "storage_account": [],
            "tags": null,
            "timeouts": null,
            "virtual_network_subnet_id": "",
            "zip_deploy_file": ""
          },
          "sensitive_attributes": [
            [
              {
                "type": "get_attr",
                "value": "custom_domain_verification_id"
              }
            ],
            [
              {
                "type": "get_attr",
                "value": "connection_string"
              }
            ]
          ],
          "private": "eyJlMmJmYjczMC1lY2FhLTExZTYtOGY4OC0zNDM2M2JjN2M0YzAiOnsiY3JlYXRlIjoxODAwMDAwMDAwMDAwLCJkZWxldGUiOjE4MDAwMDAwMDAwMDAsInJlYWQiOjMwMDAwMDAwMDAwMCwidXBkYXRlIjoxODAwMDAwMDAwMDAwfX0=",
          "dependencies": [
            "azurerm_resource_group.rg",
            "azurerm_service_plan.plan"
          ]
        }
      ]
    },
    {
      "mode": "managed",
      "type": "azurerm_resource_group",
      "name": "rg",
      "provider": "provider[\"registry.terraform.io/hashicorp/azurerm\"]",
      "instances": [
        {
          "schema_version": 0,
          "attributes": {
            "id": "/subscriptions/ea4807db-8132-4dfb-b7a2-d0c68853542c/resourceGroups/My_Terraform_win_RG",
            "location": "westeurope",
            "name": "My_Terraform_win_RG",
            "tags": {},
            "timeouts": null
          },
          "sensitive_attributes": [],
          "private": "eyJlMmJmYjczMC1lY2FhLTExZTYtOGY4OC0zNDM2M2JjN2M0YzAiOnsiY3JlYXRlIjo1NDAwMDAwMDAwMDAwLCJkZWxldGUiOjU0MDAwMDAwMDAwMDAsInJlYWQiOjMwMDAwMDAwMDAwMCwidXBkYXRlIjo1NDAwMDAwMDAwMDAwfX0="
        }
      ]
    },
    {
      "mode": "managed",
      "type": "azurerm_service_plan",
      "name": "plan",
      "provider": "provider[\"registry.terraform.io/hashicorp/azurerm\"]",
      "instances": [
        {
          "schema_version": 0,
          "attributes": {
            "app_service_environment_id": "",
            "id": "/subscriptions/ea4807db-8132-4dfb-b7a2-d0c68853542c/resourceGroups/My_Terraform_win_RG/providers/Microsoft.Web/serverfarms/my-appserviceplan-win",
            "kind": "linux",
            "location": "westeurope",
            "maximum_elastic_worker_count": 1,
            "name": "my-appserviceplan-win",
            "os_type": "Linux",
            "per_site_scaling_enabled": false,
            "reserved": true,
            "resource_group_name": "My_Terraform_win_RG",
            "sku_name": "S1",
            "tags": {},
            "timeouts": null,
            "worker_count": 1,
            "zone_balancing_enabled": false
          },
          "sensitive_attributes": [],
          "private": "eyJlMmJmYjczMC1lY2FhLTExZTYtOGY4OC0zNDM2M2JjN2M0YzAiOnsiY3JlYXRlIjozNjAwMDAwMDAwMDAwLCJkZWxldGUiOjM2MDAwMDAwMDAwMDAsInJlYWQiOjMwMDAwMDAwMDAwMCwidXBkYXRlIjozNjAwMDAwMDAwMDAwfX0=",
          "dependencies": [
            "azurerm_resource_group.rg"
          ]
        }
      ]
    }
  ],
  "check_results": null
}
