{
  "version": 4,
  "terraform_version": "1.9.6",
  "serial": 9,
  "lineage": "db578e3b-2e44-9ba8-f389-a43b6889a4e2",
  "outputs": {},
  "resources": [
    {
      "mode": "managed",
      "type": "azurerm_resource_group",
      "name": "rg",
      "provider": "provider[\"registry.terraform.io/hashicorp/azurerm\"]",
      "instances": [
        {
          "schema_version": 0,
          "attributes": {
            "id": "/subscriptions/ea4807db-8132-4dfb-b7a2-d0c68853542c/resourceGroups/TerraForm-RG-SEA-01",
            "location": "southeastasia",
            "managed_by": "",
            "name": "TerraForm-RG-SEA-01",
            "tags": {
              "Name": "Productions"
            },
            "timeouts": null
          },
          "sensitive_attributes": [],
          "private": "eyJlMmJmYjczMC1lY2FhLTExZTYtOGY4OC0zNDM2M2JjN2M0YzAiOnsiY3JlYXRlIjo1NDAwMDAwMDAwMDAwLCJkZWxldGUiOjU0MDAwMDAwMDAwMDAsInJlYWQiOjMwMDAwMDAwMDAwMCwidXBkYXRlIjo1NDAwMDAwMDAwMDAwfX0="
        }
      ]
    }
  ],
  "check_results": null
}
